
Microsoft Visual Studio Solution File, Format Version 12.00
# Visual Studio 15
VisualStudioVersion = 15.0.28010.2003
MinimumVisualStudioVersion = 10.0.40219.1
Project("{FAE04EC0-301F-11D3-BF4B-00C04F79EFBC}") = "ProgrammeringsProv_SebastianW", "ProgrammeringsProv_SebastianW\ProgrammeringsProv_SebastianW.csproj", "{EC4CFE9A-7D64-4472-843D-5AD70FDF5311}"
EndProject
Global
	GlobalSection(SolutionConfigurationPlatforms) = preSolution
		Debug|Any CPU = Debug|Any CPU
		Release|Any CPU = Release|Any CPU
	EndGlobalSection
	GlobalSection(ProjectConfigurationPlatforms) = postSolution
		{EC4CFE9A-7D64-4472-843D-5AD70FDF5311}.Debug|Any CPU.ActiveCfg = Debug|Any CPU
		{EC4CFE9A-7D64-4472-843D-5AD70FDF5311}.Debug|Any CPU.Build.0 = Debug|Any CPU
		{EC4CFE9A-7D64-4472-843D-5AD70FDF5311}.Release|Any CPU.ActiveCfg = Release|Any CPU
		{EC4CFE9A-7D64-4472-843D-5AD70FDF5311}.Release|Any CPU.Build.0 = Release|Any CPU
	EndGlobalSection
	GlobalSection(SolutionProperties) = preSolution
		HideSolutionNode = FALSE
	EndGlobalSection
	GlobalSection(ExtensibilityGlobals) = postSolution
		SolutionGuid = {CBE591CC-9F20-44E1-8003-4F70ABCF7688}
	EndGlobalSection
EndGlobal
